
Microsoft Visual Studio Solution File, Format Version 12.00
# Visual Studio 15
VisualStudioVersion = 15.0.28010.2016
MinimumVisualStudioVersion = 10.0.40219.1
Project("{9A19103F-16F7-4668-BE54-9A1E7A4F7556}") = "ReverseString", "ReverseString.csproj", "{C936199D-3CAB-4F79-AD2F-D877B00F3F39}"
EndProject
Global
	GlobalSection(SolutionConfigurationPlatforms) = preSolution
		Debug|Any CPU = Debug|Any CPU
		Release|Any CPU = Release|Any CPU
	EndGlobalSection
	GlobalSection(ProjectConfigurationPlatforms) = postSolution
		{C936199D-3CAB-4F79-AD2F-D877B00F3F39}.Debug|Any CPU.ActiveCfg = Debug|Any CPU
		{C936199D-3CAB-4F79-AD2F-D877B00F3F39}.Debug|Any CPU.Build.0 = Debug|Any CPU
		{C936199D-3CAB-4F79-AD2F-D877B00F3F39}.Release|Any CPU.ActiveCfg = Release|Any CPU
		{C936199D-3CAB-4F79-AD2F-D877B00F3F39}.Release|Any CPU.Build.0 = Release|Any CPU
	EndGlobalSection
	GlobalSection(SolutionProperties) = preSolution
		HideSolutionNode = FALSE
	EndGlobalSection
	GlobalSection(ExtensibilityGlobals) = postSolution
		SolutionGuid = {5EAF0F10-B4C5-4BE6-B354-7578FFAF5536}
	EndGlobalSection
EndGlobal
